
Microsoft Visual Studio Solution File, Format Version 12.00
# Visual Studio Version 17
VisualStudioVersion = 17.1.32319.34
MinimumVisualStudioVersion = 10.0.40219.1
Project("{2150E333-8FDC-42A3-9474-1A3956D46DE8}") = "Core", "Core", "{038AED86-17AE-46AF-8F26-B3A346C0DF1F}"
EndProject
Project("{9A19103F-16F7-4668-BE54-9A1E7A4F7556}") = "Roblox.ApiClientBase", "..\..\Assemblies\ApiClientBase\Roblox.ApiClientBase\Roblox.ApiClientBase.csproj", "{DAE6FAB3-F9F4-444A-9235-644D5B97E360}"
EndProject
Project("{2150E333-8FDC-42A3-9474-1A3956D46DE8}") = "Resolution", "Resolution", "{9476B739-F065-4248-A704-FA15D70CB0AE}"
EndProject
Project("{9A19103F-16F7-4668-BE54-9A1E7A4F7556}") = "Roblox.Instrumentation", "..\..\Assemblies\Instrumentation\Roblox.Instrumentation\Roblox.Instrumentation.csproj", "{416ACB6A-F683-4306-8431-817A026EB6BF}"
EndProject
Project("{9A19103F-16F7-4668-BE54-9A1E7A4F7556}") = "Roblox.Configuration", "..\..\Assemblies\Configuration\Roblox.Configuration\Roblox.Configuration.csproj", "{6316D070-7193-4F41-9B70-F13D6875563F}"
EndProject
Project("{FAE04EC0-301F-11D3-BF4B-00C04F79EFBC}") = "Roblox.Configuration.Site", "Roblox.Configuration.Site\Roblox.Configuration.Site.csproj", "{941D7FE4-8629-41FB-8343-E06952B86638}"
EndProject
Project("{FAE04EC0-301F-11D3-BF4B-00C04F79EFBC}") = "Roblox.ActiveDirectory", "..\..\Assemblies\Windows\Roblox.ActiveDirectory\Roblox.ActiveDirectory.csproj", "{35FCCB7E-F57D-427F-A1F4-3549571CF2C1}"
EndProject
Project("{9A19103F-16F7-4668-BE54-9A1E7A4F7556}") = "Roblox.EventLog", "..\..\Assemblies\EventLog\Roblox.EventLog\Roblox.EventLog.csproj", "{6B942852-0B51-42E6-9142-CF0C583E9B4F}"
EndProject
Project("{9A19103F-16F7-4668-BE54-9A1E7A4F7556}") = "Roblox.DataV2.Core", "..\..\Assemblies\DataV2\Core\Roblox.DataV2.Core\Roblox.DataV2.Core.csproj", "{417D5BAF-4B56-4EA3-B30C-0E1100EF1919}"
EndProject
Project("{9A19103F-16F7-4668-BE54-9A1E7A4F7556}") = "Roblox.Sentinels", "..\..\Assemblies\Sentinels\Roblox.Sentinels\Roblox.Sentinels.csproj", "{66F8991A-8FE1-41E6-8747-E6940C8A4B26}"
EndProject
Project("{9A19103F-16F7-4668-BE54-9A1E7A4F7556}") = "Roblox.Configuration.Client", "..\..\Assemblies\ApiClients\Roblox.Configuration.Client\Roblox.Configuration.Client.csproj", "{D9AC6198-F1D6-4ADF-9B84-AB458E6AE4C6}"
Project("{9A19103F-16F7-4668-BE54-9A1E7A4F7556}") = "Roblox.ApiControlPlane.Client", "..\..\Assemblies\ApiClients\Roblox.ApiControlPlane.Client\Roblox.ApiControlPlane.Client.csproj", "{DC23218C-86C4-4B9E-9D15-B8A177C6046D}"
EndProject
Global
	GlobalSection(SolutionConfigurationPlatforms) = preSolution
		Debug|Any CPU = Debug|Any CPU
		Release|Any CPU = Release|Any CPU
	EndGlobalSection
	GlobalSection(ProjectConfigurationPlatforms) = postSolution
		{DAE6FAB3-F9F4-444A-9235-644D5B97E360}.Debug|Any CPU.ActiveCfg = Debug|Any CPU
		{DAE6FAB3-F9F4-444A-9235-644D5B97E360}.Debug|Any CPU.Build.0 = Debug|Any CPU
		{DAE6FAB3-F9F4-444A-9235-644D5B97E360}.Release|Any CPU.ActiveCfg = Release|Any CPU
		{DAE6FAB3-F9F4-444A-9235-644D5B97E360}.Release|Any CPU.Build.0 = Release|Any CPU
		{416ACB6A-F683-4306-8431-817A026EB6BF}.Debug|Any CPU.ActiveCfg = Debug|Any CPU
		{416ACB6A-F683-4306-8431-817A026EB6BF}.Debug|Any CPU.Build.0 = Debug|Any CPU
		{416ACB6A-F683-4306-8431-817A026EB6BF}.Release|Any CPU.ActiveCfg = Release|Any CPU
		{416ACB6A-F683-4306-8431-817A026EB6BF}.Release|Any CPU.Build.0 = Release|Any CPU
		{6316D070-7193-4F41-9B70-F13D6875563F}.Debug|Any CPU.ActiveCfg = Debug|Any CPU
		{6316D070-7193-4F41-9B70-F13D6875563F}.Debug|Any CPU.Build.0 = Debug|Any CPU
		{6316D070-7193-4F41-9B70-F13D6875563F}.Release|Any CPU.ActiveCfg = Release|Any CPU
		{6316D070-7193-4F41-9B70-F13D6875563F}.Release|Any CPU.Build.0 = Release|Any CPU
		{941D7FE4-8629-41FB-8343-E06952B86638}.Debug|Any CPU.ActiveCfg = Debug|Any CPU
		{941D7FE4-8629-41FB-8343-E06952B86638}.Debug|Any CPU.Build.0 = Debug|Any CPU
		{941D7FE4-8629-41FB-8343-E06952B86638}.Release|Any CPU.ActiveCfg = Release|Any CPU
		{941D7FE4-8629-41FB-8343-E06952B86638}.Release|Any CPU.Build.0 = Release|Any CPU
		{35FCCB7E-F57D-427F-A1F4-3549571CF2C1}.Debug|Any CPU.ActiveCfg = Debug|Any CPU
		{35FCCB7E-F57D-427F-A1F4-3549571CF2C1}.Debug|Any CPU.Build.0 = Debug|Any CPU
		{35FCCB7E-F57D-427F-A1F4-3549571CF2C1}.Release|Any CPU.ActiveCfg = Release|Any CPU
		{35FCCB7E-F57D-427F-A1F4-3549571CF2C1}.Release|Any CPU.Build.0 = Release|Any CPU
		{6B942852-0B51-42E6-9142-CF0C583E9B4F}.Debug|Any CPU.ActiveCfg = Debug|Any CPU
		{6B942852-0B51-42E6-9142-CF0C583E9B4F}.Debug|Any CPU.Build.0 = Debug|Any CPU
		{6B942852-0B51-42E6-9142-CF0C583E9B4F}.Release|Any CPU.ActiveCfg = Release|Any CPU
		{6B942852-0B51-42E6-9142-CF0C583E9B4F}.Release|Any CPU.Build.0 = Release|Any CPU
		{417D5BAF-4B56-4EA3-B30C-0E1100EF1919}.Debug|Any CPU.ActiveCfg = Debug|Any CPU
		{417D5BAF-4B56-4EA3-B30C-0E1100EF1919}.Debug|Any CPU.Build.0 = Debug|Any CPU
		{417D5BAF-4B56-4EA3-B30C-0E1100EF1919}.Release|Any CPU.ActiveCfg = Release|Any CPU
		{417D5BAF-4B56-4EA3-B30C-0E1100EF1919}.Release|Any CPU.Build.0 = Release|Any CPU
		{66F8991A-8FE1-41E6-8747-E6940C8A4B26}.Debug|Any CPU.ActiveCfg = Debug|Any CPU
		{66F8991A-8FE1-41E6-8747-E6940C8A4B26}.Debug|Any CPU.Build.0 = Debug|Any CPU
		{66F8991A-8FE1-41E6-8747-E6940C8A4B26}.Release|Any CPU.ActiveCfg = Release|Any CPU
		{66F8991A-8FE1-41E6-8747-E6940C8A4B26}.Release|Any CPU.Build.0 = Release|Any CPU
		{D9AC6198-F1D6-4ADF-9B84-AB458E6AE4C6}.Debug|Any CPU.ActiveCfg = Debug|Any CPU
		{D9AC6198-F1D6-4ADF-9B84-AB458E6AE4C6}.Debug|Any CPU.Build.0 = Debug|Any CPU
		{D9AC6198-F1D6-4ADF-9B84-AB458E6AE4C6}.Release|Any CPU.ActiveCfg = Release|Any CPU
		{D9AC6198-F1D6-4ADF-9B84-AB458E6AE4C6}.Release|Any CPU.Build.0 = Release|Any CPU
		{DC23218C-86C4-4B9E-9D15-B8A177C6046D}.Debug|Any CPU.ActiveCfg = Debug|Any CPU
		{DC23218C-86C4-4B9E-9D15-B8A177C6046D}.Debug|Any CPU.Build.0 = Debug|Any CPU
		{DC23218C-86C4-4B9E-9D15-B8A177C6046D}.Release|Any CPU.ActiveCfg = Release|Any CPU
		{DC23218C-86C4-4B9E-9D15-B8A177C6046D}.Release|Any CPU.Build.0 = Release|Any CPU
	EndGlobalSection
	GlobalSection(SolutionProperties) = preSolution
		HideSolutionNode = FALSE
	EndGlobalSection
	GlobalSection(NestedProjects) = preSolution
		{DAE6FAB3-F9F4-444A-9235-644D5B97E360} = {038AED86-17AE-46AF-8F26-B3A346C0DF1F}
		{9476B739-F065-4248-A704-FA15D70CB0AE} = {038AED86-17AE-46AF-8F26-B3A346C0DF1F}
		{416ACB6A-F683-4306-8431-817A026EB6BF} = {9476B739-F065-4248-A704-FA15D70CB0AE}
		{6316D070-7193-4F41-9B70-F13D6875563F} = {038AED86-17AE-46AF-8F26-B3A346C0DF1F}
		{35FCCB7E-F57D-427F-A1F4-3549571CF2C1} = {038AED86-17AE-46AF-8F26-B3A346C0DF1F}
		{6B942852-0B51-42E6-9142-CF0C583E9B4F} = {038AED86-17AE-46AF-8F26-B3A346C0DF1F}
		{417D5BAF-4B56-4EA3-B30C-0E1100EF1919} = {9476B739-F065-4248-A704-FA15D70CB0AE}
		{66F8991A-8FE1-41E6-8747-E6940C8A4B26} = {9476B739-F065-4248-A704-FA15D70CB0AE}
		{D9AC6198-F1D6-4ADF-9B84-AB458E6AE4C6} = {038AED86-17AE-46AF-8F26-B3A346C0DF1F}
		{DC23218C-86C4-4B9E-9D15-B8A177C6046D} = {038AED86-17AE-46AF-8F26-B3A346C0DF1F}
	EndGlobalSection
	GlobalSection(ExtensibilityGlobals) = postSolution
		SolutionGuid = {29DA90FF-172A-475C-A45B-36E63E4C122A}
	EndGlobalSection
EndGlobal
